{
    "_readme": [
        "This file locks the dependencies of your project to a known state",
        "Read more about it at https://getcomposer.org/doc/01-basic-usage.md#installing-dependencies",
        "This file is @generated automatically"
    ],
    "content-hash": "2844b32e4c6c771e1e98d55a2981ac47",
    "packages": [],
    "packages-dev": [
        {
            "name": "seanmorris/ksqlc",
            "version": "dev-master",
            "source": {
                "type": "git",
                "url": "https://github.com/seanmorris/ksqlc.git",
                "reference": "bc01e54a018637633ea491c0d4a8ef9d350cdd1d"
            },
            "dist": {
                "type": "zip",
                "url": "https://api.github.com/repos/seanmorris/ksqlc/zipball/bc01e54a018637633ea491c0d4a8ef9d350cdd1d",
                "reference": "bc01e54a018637633ea491c0d4a8ef9d350cdd1d",
                "shasum": ""
            },
            "require-dev": {
                "phpunit/phpunit": "^9"
            },
            "type": "library",
            "autoload": {
                "psr-4": {
                    "SeanMorris\\Ksqlc\\Test\\": "test/",
                    "SeanMorris\\Ksqlc\\": "source/"
                }
            },
            "notification-url": "https://packagist.org/downloads/",
            "license": [
                "Apache-2.0"
            ],
            "authors": [
                {
                    "name": "Sean Morris",
                    "email": "ksqlc@seanmorr.is"
                }
            ],
            "description": "KSQL Connector for PHP.",
            "time": "2020-05-17T22:38:24+00:00"
        },
        {
            "name": "simpletest/simpletest",
            "version": "dev-master",
            "source": {
                "type": "git",
                "url": "https://github.com/simpletest/simpletest.git",
                "reference": "140876ef9ac9a10f884c3657f022829fc5ce64d2"
            },
            "dist": {
                "type": "zip",
                "url": "https://api.github.com/repos/simpletest/simpletest/zipball/140876ef9ac9a10f884c3657f022829fc5ce64d2",
                "reference": "140876ef9ac9a10f884c3657f022829fc5ce64d2",
                "shasum": ""
            },
            "require": {
                "php": "^7.1"
            },
            "require-dev": {
                "ext-dom": "*",
                "ext-mbstring": "*",
                "ext-tidy": "*"
            },
            "type": "library",
            "autoload": {
                "classmap": [
                    "src/"
                ],
                "exclude-from-classmap": [
                    "/test"
                ]
            },
            "notification-url": "https://packagist.org/downloads/",
            "license": [
                "LGPL-2.0+"
            ],
            "authors": [
                {
                    "name": "Marcus Baker",
                    "email": "marcus@lastcraft.com",
                    "role": "Original project lead"
                },
                {
                    "name": "Jason Sweat",
                    "role": "Original developer"
                },
                {
                    "name": "Travis Swicegood",
                    "role": "Original developer"
                },
                {
                    "name": "Perrick Penet",
                    "role": "Original developer"
                },
                {
                    "name": "Edward Z. Yang",
                    "role": "Original developer"
                },
                {
                    "name": "Lachlan Donald",
                    "email": "lachlan@ljd.cc"
                },
                {
                    "name": "Lars Vierbergen",
                    "email": "vierbergenlars@gmail.com"
                },
                {
                    "name": "Jens A. Koch"
                }
            ],
            "description": "SimpleTest is a framework for unit testing, web site testing and mock objects for PHP.",
            "homepage": "http://simpletest.org/",
            "keywords": [
                "SimpleTest",
                "code-coverage",
                "selenium",
                "testing",
                "unit-test"
            ],
            "time": "2020-04-26T13:57:35+00:00"
        }
    ],
    "aliases": [],
    "minimum-stability": "stable",
    "stability-flags": {
        "seanmorris/ksqlc": 20,
        "simpletest/simpletest": 20
    },
    "prefer-stable": false,
    "prefer-lowest": false,
    "platform": [],
    "platform-dev": [],
    "plugin-api-version": "1.1.0"
}
